// !$*UTF8*$!
{
	archiveVersion = 1;
	classes = {
	};
	objectVersion = 56;
	objects = {

/* Begin PBXBuildFile section */
		9003E10D2C3EAAC7006CD269 /* CustomObjects.swift in Sources */ = {isa = PBXBuildFile; fileRef = 9003E10C2C3EAAC7006CD269 /* CustomObjects.swift */; };
		9003E10F2C3EB142006CD269 /* LoginUserResponse.swift in Sources */ = {isa = PBXBuildFile; fileRef = 9003E10E2C3EB142006CD269 /* LoginUserResponse.swift */; };
		90294B472C34AD150030E04C /* CustomButton.swift in Sources */ = {isa = PBXBuildFile; fileRef = 90294B462C34AD150030E04C /* CustomButton.swift */; };
		90294B492C36D60C0030E04C /* LoginViewModel.swift in Sources */ = {isa = PBXBuildFile; fileRef = 90294B482C36D60C0030E04C /* LoginViewModel.swift */; };
		90294B4D2C36EA620030E04C /* SessionManager.swift in Sources */ = {isa = PBXBuildFile; fileRef = 90294B4C2C36EA620030E04C /* SessionManager.swift */; };
		902B855E2C4EB5820095E972 /* Message.swift in Sources */ = {isa = PBXBuildFile; fileRef = 902B855D2C4EB5820095E972 /* Message.swift */; };
		902B85642C4EC5B30095E972 /* SendMessageResponse.swift in Sources */ = {isa = PBXBuildFile; fileRef = 902B85632C4EC5B30095E972 /* SendMessageResponse.swift */; };
		902B85662C4EC5D30095E972 /* MessageListResponse.swift in Sources */ = {isa = PBXBuildFile; fileRef = 902B85652C4EC5D30095E972 /* MessageListResponse.swift */; };
		902B85682C4ED74D0095E972 /* SendMessageRequest.swift in Sources */ = {isa = PBXBuildFile; fileRef = 902B85672C4ED74D0095E972 /* SendMessageRequest.swift */; };
		9040AE782C32F60900D550AD /* RegisterView.swift in Sources */ = {isa = PBXBuildFile; fileRef = 9040AE772C32F60900D550AD /* RegisterView.swift */; };
		9040AE7A2C32F6A200D550AD /* CustomTexFields.swift in Sources */ = {isa = PBXBuildFile; fileRef = 9040AE792C32F6A200D550AD /* CustomTexFields.swift */; };
		9040AEA62C345FB400D550AD /* User.swift in Sources */ = {isa = PBXBuildFile; fileRef = 9040AEA52C345FB400D550AD /* User.swift */; };
		9040AEA82C34606100D550AD /* UserService.swift in Sources */ = {isa = PBXBuildFile; fileRef = 9040AEA72C34606100D550AD /* UserService.swift */; };
		9040AEAD2C346E2000D550AD /* RegisterViewModel.swift in Sources */ = {isa = PBXBuildFile; fileRef = 9040AEAC2C346E2000D550AD /* RegisterViewModel.swift */; };
		904A89B82C4692F9005F2DC8 /* ProfileSettingsView.swift in Sources */ = {isa = PBXBuildFile; fileRef = 904A89B72C4692F9005F2DC8 /* ProfileSettingsView.swift */; };
		904A89BA2C4695C9005F2DC8 /* ProfileViewModel.swift in Sources */ = {isa = PBXBuildFile; fileRef = 904A89B92C4695C9005F2DC8 /* ProfileViewModel.swift */; };
		904A89BC2C46CD2C005F2DC8 /* ProfileView.swift in Sources */ = {isa = PBXBuildFile; fileRef = 904A89BB2C46CD2C005F2DC8 /* ProfileView.swift */; };
		904A89BE2C46D114005F2DC8 /* ProfileSettingsViewModel.swift in Sources */ = {isa = PBXBuildFile; fileRef = 904A89BD2C46D114005F2DC8 /* ProfileSettingsViewModel.swift */; };
		904A89C22C47D719005F2DC8 /* ChangeProfileViewModel.swift in Sources */ = {isa = PBXBuildFile; fileRef = 904A89C12C47D719005F2DC8 /* ChangeProfileViewModel.swift */; };
		904A89C42C47DA3E005F2DC8 /* ChangeProfileView.swift in Sources */ = {isa = PBXBuildFile; fileRef = 904A89C32C47DA3E005F2DC8 /* ChangeProfileView.swift */; };
		904A89C62C47DEC9005F2DC8 /* ImagePicker.swift in Sources */ = {isa = PBXBuildFile; fileRef = 904A89C52C47DEC9005F2DC8 /* ImagePicker.swift */; };
		904A89C82C47EE49005F2DC8 /* SignOffView.swift in Sources */ = {isa = PBXBuildFile; fileRef = 904A89C72C47EE49005F2DC8 /* SignOffView.swift */; };
		904A89CA2C483AA0005F2DC8 /* SignOffViewModel.swift in Sources */ = {isa = PBXBuildFile; fileRef = 904A89C92C483AA0005F2DC8 /* SignOffViewModel.swift */; };
		90A76BA62C5082A300AC2D6A /* LogoutResponse.swift in Sources */ = {isa = PBXBuildFile; fileRef = 90A76BA52C5082A300AC2D6A /* LogoutResponse.swift */; };
		90A76BA82C512CCB00AC2D6A /* MessagesView.swift in Sources */ = {isa = PBXBuildFile; fileRef = 90A76BA72C512CCB00AC2D6A /* MessagesView.swift */; };
		90A76BAA2C512D2D00AC2D6A /* MessageView.swift in Sources */ = {isa = PBXBuildFile; fileRef = 90A76BA92C512D2D00AC2D6A /* MessageView.swift */; };
		90A76BAC2C512D8300AC2D6A /* Utils.swift in Sources */ = {isa = PBXBuildFile; fileRef = 90A76BAB2C512D8300AC2D6A /* Utils.swift */; };
		90A76BAE2C512DAD00AC2D6A /* ScrollViewOffsetPreferenceKey.swift in Sources */ = {isa = PBXBuildFile; fileRef = 90A76BAD2C512DAD00AC2D6A /* ScrollViewOffsetPreferenceKey.swift */; };
		90A76BB02C517FC300AC2D6A /* KeyboardDismissView.swift in Sources */ = {isa = PBXBuildFile; fileRef = 90A76BAF2C517FC300AC2D6A /* KeyboardDismissView.swift */; };
		90E79ED02C2B39C400133583 /* FinalProjectSwiftApp.swift in Sources */ = {isa = PBXBuildFile; fileRef = 90E79ECF2C2B39C400133583 /* FinalProjectSwiftApp.swift */; };
		90E79ED42C2B39C600133583 /* Assets.xcassets in Resources */ = {isa = PBXBuildFile; fileRef = 90E79ED32C2B39C600133583 /* Assets.xcassets */; };
		90E79ED72C2B39C600133583 /* Preview Assets.xcassets in Resources */ = {isa = PBXBuildFile; fileRef = 90E79ED62C2B39C600133583 /* Preview Assets.xcassets */; };
		90F68BE82C3DB8E700793B4B /* UserResponse.swift in Sources */ = {isa = PBXBuildFile; fileRef = 90F68BE72C3DB8E700793B4B /* UserResponse.swift */; };
		90FFDB042C4C26BC00FFE3FE /* ChatHeaderView.swift in Sources */ = {isa = PBXBuildFile; fileRef = 90FFDB032C4C26BC00FFE3FE /* ChatHeaderView.swift */; };
		90FFDB062C4C26CB00FFE3FE /* ChatInputView.swift in Sources */ = {isa = PBXBuildFile; fileRef = 90FFDB052C4C26CB00FFE3FE /* ChatInputView.swift */; };
		90FFDB082C4C26D500FFE3FE /* ChatView.swift in Sources */ = {isa = PBXBuildFile; fileRef = 90FFDB072C4C26D500FFE3FE /* ChatView.swift */; };
		90FFDB0A2C4C26F100FFE3FE /* ChatViewModel.swift in Sources */ = {isa = PBXBuildFile; fileRef = 90FFDB092C4C26F100FFE3FE /* ChatViewModel.swift */; };
		90FFDB0C2C4C272600FFE3FE /* KeyboardResponder.swift in Sources */ = {isa = PBXBuildFile; fileRef = 90FFDB0B2C4C272600FFE3FE /* KeyboardResponder.swift */; };
		A93922DE2C51ADE600533969 /* NewChat.swift in Sources */ = {isa = PBXBuildFile; fileRef = A93922DD2C51ADE600533969 /* NewChat.swift */; };
		A93922E02C51ADF700533969 /* NewChatResponse.swift in Sources */ = {isa = PBXBuildFile; fileRef = A93922DF2C51ADF700533969 /* NewChatResponse.swift */; };
		A93922E22C51AE0E00533969 /* Chat.swift in Sources */ = {isa = PBXBuildFile; fileRef = A93922E12C51AE0E00533969 /* Chat.swift */; };
		A93922E42C51AEA000533969 /* NewChatView.swift in Sources */ = {isa = PBXBuildFile; fileRef = A93922E32C51AEA000533969 /* NewChatView.swift */; };
		A93922E62C51AFD300533969 /* NewChatViewModel.swift in Sources */ = {isa = PBXBuildFile; fileRef = A93922E52C51AFD300533969 /* NewChatViewModel.swift */; };
		A93922E82C51C03200533969 /* ChatHeaderViewModel.swift in Sources */ = {isa = PBXBuildFile; fileRef = A93922E72C51C03200533969 /* ChatHeaderViewModel.swift */; };
		A94EC23E2C46CAE500E85D63 /* HomeViewModel.swift in Sources */ = {isa = PBXBuildFile; fileRef = A94EC23D2C46CAE500E85D63 /* HomeViewModel.swift */; };
		A94EC2802C48333E00E85D63 /* AuthInterceptor.swift in Sources */ = {isa = PBXBuildFile; fileRef = A94EC27F2C48333E00E85D63 /* AuthInterceptor.swift */; };
		A94EC2822C48374C00E85D63 /* ChatList.swift in Sources */ = {isa = PBXBuildFile; fileRef = A94EC2812C48374C00E85D63 /* ChatList.swift */; };
		A95B842B2C38275200F12190 /* LaunchScreen.swift in Sources */ = {isa = PBXBuildFile; fileRef = A95B842A2C38275200F12190 /* LaunchScreen.swift */; };
		A95B842E2C3828A600F12190 /* HomeView.swift in Sources */ = {isa = PBXBuildFile; fileRef = A95B842D2C3828A600F12190 /* HomeView.swift */; };
		A9A4497B2C3C31AB0085838B /* main_splash.json in Resources */ = {isa = PBXBuildFile; fileRef = A9A4497A2C3C31AB0085838B /* main_splash.json */; };
		A9A4497F2C3C32BB0085838B /* Launch Screen.storyboard in Resources */ = {isa = PBXBuildFile; fileRef = A9A4497E2C3C32BB0085838B /* Launch Screen.storyboard */; };
		A9A449902C3C34620085838B /* DotLottie in Frameworks */ = {isa = PBXBuildFile; productRef = A9A4498F2C3C34620085838B /* DotLottie */; };
		A9A449922C3C35A60085838B /* Alamofire in Frameworks */ = {isa = PBXBuildFile; productRef = A9A449912C3C35A60085838B /* Alamofire */; };
		A9A449962C3C44750085838B /* CustomListChat.swift in Sources */ = {isa = PBXBuildFile; fileRef = A9A449952C3C44750085838B /* CustomListChat.swift */; };
		A9D9E5E52C330F2E0039843A /* LoginView.swift in Sources */ = {isa = PBXBuildFile; fileRef = A9D9E5E42C330F2E0039843A /* LoginView.swift */; };
/* End PBXBuildFile section */

/* Begin PBXFileReference section */
		9003E10C2C3EAAC7006CD269 /* CustomObjects.swift */ = {isa = PBXFileReference; lastKnownFileType = sourcecode.swift; path = CustomObjects.swift; sourceTree = "<group>"; };
		9003E10E2C3EB142006CD269 /* LoginUserResponse.swift */ = {isa = PBXFileReference; lastKnownFileType = sourcecode.swift; path = LoginUserResponse.swift; sourceTree = "<group>"; };
		90294B462C34AD150030E04C /* CustomButton.swift */ = {isa = PBXFileReference; lastKnownFileType = sourcecode.swift; path = CustomButton.swift; sourceTree = "<group>"; };
		90294B482C36D60C0030E04C /* LoginViewModel.swift */ = {isa = PBXFileReference; lastKnownFileType = sourcecode.swift; path = LoginViewModel.swift; sourceTree = "<group>"; };
		90294B4A2C36E1AA0030E04C /* ChatsView.swift */ = {isa = PBXFileReference; lastKnownFileType = sourcecode.swift; path = ChatsView.swift; sourceTree = "<group>"; };
		90294B4C2C36EA620030E04C /* SessionManager.swift */ = {isa = PBXFileReference; lastKnownFileType = sourcecode.swift; path = SessionManager.swift; sourceTree = "<group>"; };
		902B855D2C4EB5820095E972 /* Message.swift */ = {isa = PBXFileReference; lastKnownFileType = sourcecode.swift; path = Message.swift; sourceTree = "<group>"; };
		902B85632C4EC5B30095E972 /* SendMessageResponse.swift */ = {isa = PBXFileReference; lastKnownFileType = sourcecode.swift; path = SendMessageResponse.swift; sourceTree = "<group>"; };
		902B85652C4EC5D30095E972 /* MessageListResponse.swift */ = {isa = PBXFileReference; lastKnownFileType = sourcecode.swift; path = MessageListResponse.swift; sourceTree = "<group>"; };
		902B85672C4ED74D0095E972 /* SendMessageRequest.swift */ = {isa = PBXFileReference; lastKnownFileType = sourcecode.swift; path = SendMessageRequest.swift; sourceTree = "<group>"; };
		9040AE772C32F60900D550AD /* RegisterView.swift */ = {isa = PBXFileReference; lastKnownFileType = sourcecode.swift; path = RegisterView.swift; sourceTree = "<group>"; };
		9040AE792C32F6A200D550AD /* CustomTexFields.swift */ = {isa = PBXFileReference; lastKnownFileType = sourcecode.swift; path = CustomTexFields.swift; sourceTree = "<group>"; };
		9040AEA52C345FB400D550AD /* User.swift */ = {isa = PBXFileReference; lastKnownFileType = sourcecode.swift; path = User.swift; sourceTree = "<group>"; };
		9040AEA72C34606100D550AD /* UserService.swift */ = {isa = PBXFileReference; lastKnownFileType = sourcecode.swift; path = UserService.swift; sourceTree = "<group>"; };
		9040AEAC2C346E2000D550AD /* RegisterViewModel.swift */ = {isa = PBXFileReference; lastKnownFileType = sourcecode.swift; path = RegisterViewModel.swift; sourceTree = "<group>"; };
		904A89B72C4692F9005F2DC8 /* ProfileSettingsView.swift */ = {isa = PBXFileReference; lastKnownFileType = sourcecode.swift; path = ProfileSettingsView.swift; sourceTree = "<group>"; };
		904A89B92C4695C9005F2DC8 /* ProfileViewModel.swift */ = {isa = PBXFileReference; lastKnownFileType = sourcecode.swift; path = ProfileViewModel.swift; sourceTree = "<group>"; };
		904A89BB2C46CD2C005F2DC8 /* ProfileView.swift */ = {isa = PBXFileReference; lastKnownFileType = sourcecode.swift; path = ProfileView.swift; sourceTree = "<group>"; };
		904A89BD2C46D114005F2DC8 /* ProfileSettingsViewModel.swift */ = {isa = PBXFileReference; lastKnownFileType = sourcecode.swift; path = ProfileSettingsViewModel.swift; sourceTree = "<group>"; };
		904A89C12C47D719005F2DC8 /* ChangeProfileViewModel.swift */ = {isa = PBXFileReference; lastKnownFileType = sourcecode.swift; path = ChangeProfileViewModel.swift; sourceTree = "<group>"; };
		904A89C32C47DA3E005F2DC8 /* ChangeProfileView.swift */ = {isa = PBXFileReference; lastKnownFileType = sourcecode.swift; path = ChangeProfileView.swift; sourceTree = "<group>"; };
		904A89C52C47DEC9005F2DC8 /* ImagePicker.swift */ = {isa = PBXFileReference; lastKnownFileType = sourcecode.swift; path = ImagePicker.swift; sourceTree = "<group>"; };
		904A89C72C47EE49005F2DC8 /* SignOffView.swift */ = {isa = PBXFileReference; lastKnownFileType = sourcecode.swift; path = SignOffView.swift; sourceTree = "<group>"; };
		904A89C92C483AA0005F2DC8 /* SignOffViewModel.swift */ = {isa = PBXFileReference; lastKnownFileType = sourcecode.swift; path = SignOffViewModel.swift; sourceTree = "<group>"; };
		90A76BA52C5082A300AC2D6A /* LogoutResponse.swift */ = {isa = PBXFileReference; lastKnownFileType = sourcecode.swift; path = LogoutResponse.swift; sourceTree = "<group>"; };
		90A76BA72C512CCB00AC2D6A /* MessagesView.swift */ = {isa = PBXFileReference; lastKnownFileType = sourcecode.swift; path = MessagesView.swift; sourceTree = "<group>"; };
		90A76BA92C512D2D00AC2D6A /* MessageView.swift */ = {isa = PBXFileReference; lastKnownFileType = sourcecode.swift; path = MessageView.swift; sourceTree = "<group>"; };
		90A76BAB2C512D8300AC2D6A /* Utils.swift */ = {isa = PBXFileReference; lastKnownFileType = sourcecode.swift; path = Utils.swift; sourceTree = "<group>"; };
		90A76BAD2C512DAD00AC2D6A /* ScrollViewOffsetPreferenceKey.swift */ = {isa = PBXFileReference; lastKnownFileType = sourcecode.swift; path = ScrollViewOffsetPreferenceKey.swift; sourceTree = "<group>"; };
		90A76BAF2C517FC300AC2D6A /* KeyboardDismissView.swift */ = {isa = PBXFileReference; lastKnownFileType = sourcecode.swift; path = KeyboardDismissView.swift; sourceTree = "<group>"; };
		90E79ECC2C2B39C400133583 /* FinalProjectSwift.app */ = {isa = PBXFileReference; explicitFileType = wrapper.application; includeInIndex = 0; path = FinalProjectSwift.app; sourceTree = BUILT_PRODUCTS_DIR; };
		90E79ECF2C2B39C400133583 /* FinalProjectSwiftApp.swift */ = {isa = PBXFileReference; lastKnownFileType = sourcecode.swift; path = FinalProjectSwiftApp.swift; sourceTree = "<group>"; };
		90E79ED32C2B39C600133583 /* Assets.xcassets */ = {isa = PBXFileReference; lastKnownFileType = folder.assetcatalog; path = Assets.xcassets; sourceTree = "<group>"; };
		90E79ED62C2B39C600133583 /* Preview Assets.xcassets */ = {isa = PBXFileReference; lastKnownFileType = folder.assetcatalog; path = "Preview Assets.xcassets"; sourceTree = "<group>"; };
		90F68BE72C3DB8E700793B4B /* UserResponse.swift */ = {isa = PBXFileReference; lastKnownFileType = sourcecode.swift; path = UserResponse.swift; sourceTree = "<group>"; };
		90FFDB032C4C26BC00FFE3FE /* ChatHeaderView.swift */ = {isa = PBXFileReference; fileEncoding = 4; lastKnownFileType = sourcecode.swift; path = ChatHeaderView.swift; sourceTree = "<group>"; };
		90FFDB052C4C26CB00FFE3FE /* ChatInputView.swift */ = {isa = PBXFileReference; fileEncoding = 4; lastKnownFileType = sourcecode.swift; path = ChatInputView.swift; sourceTree = "<group>"; };
		90FFDB072C4C26D500FFE3FE /* ChatView.swift */ = {isa = PBXFileReference; fileEncoding = 4; lastKnownFileType = sourcecode.swift; path = ChatView.swift; sourceTree = "<group>"; };
		90FFDB092C4C26F100FFE3FE /* ChatViewModel.swift */ = {isa = PBXFileReference; fileEncoding = 4; lastKnownFileType = sourcecode.swift; path = ChatViewModel.swift; sourceTree = "<group>"; };
		90FFDB0B2C4C272600FFE3FE /* KeyboardResponder.swift */ = {isa = PBXFileReference; fileEncoding = 4; lastKnownFileType = sourcecode.swift; name = KeyboardResponder.swift; path = FinalProjectSwift/Componentes/KeyboardResponder.swift; sourceTree = SOURCE_ROOT; };
		A93922DD2C51ADE600533969 /* NewChat.swift */ = {isa = PBXFileReference; fileEncoding = 4; lastKnownFileType = sourcecode.swift; path = NewChat.swift; sourceTree = "<group>"; };
		A93922DF2C51ADF700533969 /* NewChatResponse.swift */ = {isa = PBXFileReference; fileEncoding = 4; lastKnownFileType = sourcecode.swift; path = NewChatResponse.swift; sourceTree = "<group>"; };
		A93922E12C51AE0E00533969 /* Chat.swift */ = {isa = PBXFileReference; fileEncoding = 4; lastKnownFileType = sourcecode.swift; path = Chat.swift; sourceTree = "<group>"; };
		A93922E32C51AEA000533969 /* NewChatView.swift */ = {isa = PBXFileReference; fileEncoding = 4; lastKnownFileType = sourcecode.swift; path = NewChatView.swift; sourceTree = "<group>"; };
		A93922E52C51AFD300533969 /* NewChatViewModel.swift */ = {isa = PBXFileReference; fileEncoding = 4; lastKnownFileType = sourcecode.swift; path = NewChatViewModel.swift; sourceTree = "<group>"; };
		A93922E72C51C03200533969 /* ChatHeaderViewModel.swift */ = {isa = PBXFileReference; lastKnownFileType = sourcecode.swift; path = ChatHeaderViewModel.swift; sourceTree = "<group>"; };
		A94EC23D2C46CAE500E85D63 /* HomeViewModel.swift */ = {isa = PBXFileReference; lastKnownFileType = sourcecode.swift; path = HomeViewModel.swift; sourceTree = "<group>"; };
		A94EC27F2C48333E00E85D63 /* AuthInterceptor.swift */ = {isa = PBXFileReference; lastKnownFileType = sourcecode.swift; path = AuthInterceptor.swift; sourceTree = "<group>"; };
		A94EC2812C48374C00E85D63 /* ChatList.swift */ = {isa = PBXFileReference; lastKnownFileType = sourcecode.swift; path = ChatList.swift; sourceTree = "<group>"; };
		A95B842A2C38275200F12190 /* LaunchScreen.swift */ = {isa = PBXFileReference; lastKnownFileType = sourcecode.swift; path = LaunchScreen.swift; sourceTree = "<group>"; };
		A95B842D2C3828A600F12190 /* HomeView.swift */ = {isa = PBXFileReference; lastKnownFileType = sourcecode.swift; path = HomeView.swift; sourceTree = "<group>"; };
		A9A4497A2C3C31AB0085838B /* main_splash.json */ = {isa = PBXFileReference; fileEncoding = 4; lastKnownFileType = text.json; path = main_splash.json; sourceTree = "<group>"; };
		A9A4497E2C3C32BB0085838B /* Launch Screen.storyboard */ = {isa = PBXFileReference; lastKnownFileType = file.storyboard; path = "Launch Screen.storyboard"; sourceTree = "<group>"; };
		A9A449952C3C44750085838B /* CustomListChat.swift */ = {isa = PBXFileReference; lastKnownFileType = sourcecode.swift; path = CustomListChat.swift; sourceTree = "<group>"; };
		A9D9E5E42C330F2E0039843A /* LoginView.swift */ = {isa = PBXFileReference; lastKnownFileType = sourcecode.swift; path = LoginView.swift; sourceTree = "<group>"; };
/* End PBXFileReference section */

/* Begin PBXFrameworksBuildPhase section */
		90E79EC92C2B39C400133583 /* Frameworks */ = {
			isa = PBXFrameworksBuildPhase;
			buildActionMask = 2147483647;
			files = (
				A9A449902C3C34620085838B /* DotLottie in Frameworks */,
				A9A449922C3C35A60085838B /* Alamofire in Frameworks */,
			);
			runOnlyForDeploymentPostprocessing = 0;
		};
/* End PBXFrameworksBuildPhase section */

/* Begin PBXGroup section */
		9003E1112C420549006CD269 /* Recovered References */ = {
			isa = PBXGroup;
			children = (
				90294B4A2C36E1AA0030E04C /* ChatsView.swift */,
			);
			name = "Recovered References";
			sourceTree = "<group>";
		};
		90294B4E2C36EAB90030E04C /* Managers */ = {
			isa = PBXGroup;
			children = (
				90294B4C2C36EA620030E04C /* SessionManager.swift */,
			);
			path = Managers;
			sourceTree = "<group>";
		};
		9040AE722C32F5A100D550AD /* Views */ = {
			isa = PBXGroup;
			children = (
				A93922E32C51AEA000533969 /* NewChatView.swift */,
				90FFDB0B2C4C272600FFE3FE /* KeyboardResponder.swift */,
				90FFDB032C4C26BC00FFE3FE /* ChatHeaderView.swift */,
				90FFDB052C4C26CB00FFE3FE /* ChatInputView.swift */,
				9040AE772C32F60900D550AD /* RegisterView.swift */,
				90FFDB072C4C26D500FFE3FE /* ChatView.swift */,
				A95B842D2C3828A600F12190 /* HomeView.swift */,
				A9D9E5E42C330F2E0039843A /* LoginView.swift */,
				904A89B72C4692F9005F2DC8 /* ProfileSettingsView.swift */,
				904A89BB2C46CD2C005F2DC8 /* ProfileView.swift */,
				904A89C32C47DA3E005F2DC8 /* ChangeProfileView.swift */,
				904A89C72C47EE49005F2DC8 /* SignOffView.swift */,
				90A76BA72C512CCB00AC2D6A /* MessagesView.swift */,
				90A76BA92C512D2D00AC2D6A /* MessageView.swift */,
			);
			path = Views;
			sourceTree = "<group>";
		};
		9040AE732C32F5AF00D550AD /* ViewModels */ = {
			isa = PBXGroup;
			children = (
				A93922E52C51AFD300533969 /* NewChatViewModel.swift */,
				90FFDB092C4C26F100FFE3FE /* ChatViewModel.swift */,
				9040AEAC2C346E2000D550AD /* RegisterViewModel.swift */,
				A94EC23D2C46CAE500E85D63 /* HomeViewModel.swift */,
				90294B482C36D60C0030E04C /* LoginViewModel.swift */,
				904A89B92C4695C9005F2DC8 /* ProfileViewModel.swift */,
				904A89BD2C46D114005F2DC8 /* ProfileSettingsViewModel.swift */,
				904A89C12C47D719005F2DC8 /* ChangeProfileViewModel.swift */,
				904A89C92C483AA0005F2DC8 /* SignOffViewModel.swift */,
				A93922E72C51C03200533969 /* ChatHeaderViewModel.swift */,
			);
			path = ViewModels;
			sourceTree = "<group>";
		};
		9040AE742C32F5B900D550AD /* Data */ = {
			isa = PBXGroup;
			children = (
				9040AEA72C34606100D550AD /* UserService.swift */,
				A94EC27F2C48333E00E85D63 /* AuthInterceptor.swift */,
			);
			path = Data;
			sourceTree = "<group>";
		};
		9040AE752C32F5C000D550AD /* Componentes */ = {
			isa = PBXGroup;
			children = (
				A95B842C2C3827FE00F12190 /* Animation */,
				904A89C52C47DEC9005F2DC8 /* ImagePicker.swift */,
				9040AE792C32F6A200D550AD /* CustomTexFields.swift */,
				90294B462C34AD150030E04C /* CustomButton.swift */,
				A9A449952C3C44750085838B /* CustomListChat.swift */,
				9003E10C2C3EAAC7006CD269 /* CustomObjects.swift */,
				90A76BAB2C512D8300AC2D6A /* Utils.swift */,
				90A76BAD2C512DAD00AC2D6A /* ScrollViewOffsetPreferenceKey.swift */,
				90A76BAF2C517FC300AC2D6A /* KeyboardDismissView.swift */,
			);
			path = Componentes;
			sourceTree = "<group>";
		};
		9040AE762C32F5D100D550AD /* Resources */ = {
			isa = PBXGroup;
			children = (
				90E79ED32C2B39C600133583 /* Assets.xcassets */,
			);
			path = Resources;
			sourceTree = "<group>";
		};
		9040AEA32C345F5E00D550AD /* Models */ = {
			isa = PBXGroup;
			children = (
				A93922E12C51AE0E00533969 /* Chat.swift */,
				A93922DF2C51ADF700533969 /* NewChatResponse.swift */,
				A93922DD2C51ADE600533969 /* NewChat.swift */,
				9040AEA52C345FB400D550AD /* User.swift */,
				90F68BE72C3DB8E700793B4B /* UserResponse.swift */,
				9003E10E2C3EB142006CD269 /* LoginUserResponse.swift */,
				A94EC2812C48374C00E85D63 /* ChatList.swift */,
				902B855D2C4EB5820095E972 /* Message.swift */,
				902B85632C4EC5B30095E972 /* SendMessageResponse.swift */,
				902B85652C4EC5D30095E972 /* MessageListResponse.swift */,
				902B85672C4ED74D0095E972 /* SendMessageRequest.swift */,
				90A76BA52C5082A300AC2D6A /* LogoutResponse.swift */,
			);
			path = Models;
			sourceTree = "<group>";
		};
		9040AEA42C345F8700D550AD /* Common */ = {
			isa = PBXGroup;
			children = (
				9040AE762C32F5D100D550AD /* Resources */,
			);
			path = Common;
			sourceTree = "<group>";
		};
		90E79EC32C2B39C400133583 = {
			isa = PBXGroup;
			children = (
				90E79ECE2C2B39C400133583 /* FinalProjectSwift */,
				90E79ECD2C2B39C400133583 /* Products */,
				A9A4498E2C3C345C0085838B /* Frameworks */,
				9003E1112C420549006CD269 /* Recovered References */,
			);
			sourceTree = "<group>";
		};
		90E79ECD2C2B39C400133583 /* Products */ = {
			isa = PBXGroup;
			children = (
				90E79ECC2C2B39C400133583 /* FinalProjectSwift.app */,
			);
			name = Products;
			sourceTree = "<group>";
		};
		90E79ECE2C2B39C400133583 /* FinalProjectSwift */ = {
			isa = PBXGroup;
			children = (
				90E79ECF2C2B39C400133583 /* FinalProjectSwiftApp.swift */,
				90294B4E2C36EAB90030E04C /* Managers */,
				9040AEA32C345F5E00D550AD /* Models */,
				9040AE752C32F5C000D550AD /* Componentes */,
				9040AE742C32F5B900D550AD /* Data */,
				9040AE732C32F5AF00D550AD /* ViewModels */,
				9040AE722C32F5A100D550AD /* Views */,
				90E79ED52C2B39C600133583 /* Preview Content */,
				9040AEA42C345F8700D550AD /* Common */,
				A95B842A2C38275200F12190 /* LaunchScreen.swift */,
				A9A4497E2C3C32BB0085838B /* Launch Screen.storyboard */,
			);
			path = FinalProjectSwift;
			sourceTree = "<group>";
		};
		90E79ED52C2B39C600133583 /* Preview Content */ = {
			isa = PBXGroup;
			children = (
				90E79ED62C2B39C600133583 /* Preview Assets.xcassets */,
			);
			path = "Preview Content";
			sourceTree = "<group>";
		};
		A95B842C2C3827FE00F12190 /* Animation */ = {
			isa = PBXGroup;
			children = (
				A9A4497A2C3C31AB0085838B /* main_splash.json */,
			);
			path = Animation;
			sourceTree = "<group>";
		};
		A9A4498E2C3C345C0085838B /* Frameworks */ = {
			isa = PBXGroup;
			children = (
			);
			name = Frameworks;
			sourceTree = "<group>";
		};
/* End PBXGroup section */

/* Begin PBXNativeTarget section */
		90E79ECB2C2B39C400133583 /* FinalProjectSwift */ = {
			isa = PBXNativeTarget;
			buildConfigurationList = 90E79EDA2C2B39C600133583 /* Build configuration list for PBXNativeTarget "FinalProjectSwift" */;
			buildPhases = (
				90E79EC82C2B39C400133583 /* Sources */,
				90E79EC92C2B39C400133583 /* Frameworks */,
				90E79ECA2C2B39C400133583 /* Resources */,
			);
			buildRules = (
			);
			dependencies = (
			);
			name = FinalProjectSwift;
			packageProductDependencies = (
				A9A4498F2C3C34620085838B /* DotLottie */,
				A9A449912C3C35A60085838B /* Alamofire */,
			);
			productName = FinalProjectSwift;
			productReference = 90E79ECC2C2B39C400133583 /* FinalProjectSwift.app */;
			productType = "com.apple.product-type.application";
		};
/* End PBXNativeTarget section */

/* Begin PBXProject section */
		90E79EC42C2B39C400133583 /* Project object */ = {
			isa = PBXProject;
			attributes = {
				BuildIndependentTargetsInParallel = 1;
				LastSwiftUpdateCheck = 1430;
				LastUpgradeCheck = 1430;
				TargetAttributes = {
					90E79ECB2C2B39C400133583 = {
						CreatedOnToolsVersion = 14.3.1;
					};
				};
			};
			buildConfigurationList = 90E79EC72C2B39C400133583 /* Build configuration list for PBXProject "FinalProjectSwift" */;
			compatibilityVersion = "Xcode 14.0";
			developmentRegion = en;
			hasScannedForEncodings = 0;
			knownRegions = (
				en,
				Base,
			);
			mainGroup = 90E79EC32C2B39C400133583;
			packageReferences = (
				9040AEA92C34608200D550AD /* XCRemoteSwiftPackageReference "Alamofire" */,
				A95B84272C38270D00F12190 /* XCRemoteSwiftPackageReference "dotlottie-ios" */,
			);
			productRefGroup = 90E79ECD2C2B39C400133583 /* Products */;
			projectDirPath = "";
			projectRoot = "";
			targets = (
				90E79ECB2C2B39C400133583 /* FinalProjectSwift */,
			);
		};
/* End PBXProject section */

/* Begin PBXResourcesBuildPhase section */
		90E79ECA2C2B39C400133583 /* Resources */ = {
			isa = PBXResourcesBuildPhase;
			buildActionMask = 2147483647;
			files = (
				90E79ED72C2B39C600133583 /* Preview Assets.xcassets in Resources */,
				90E79ED42C2B39C600133583 /* Assets.xcassets in Resources */,
				A9A4497F2C3C32BB0085838B /* Launch Screen.storyboard in Resources */,
				A9A4497B2C3C31AB0085838B /* main_splash.json in Resources */,
			);
			runOnlyForDeploymentPostprocessing = 0;
		};
/* End PBXResourcesBuildPhase section */

/* Begin PBXSourcesBuildPhase section */
		90E79EC82C2B39C400133583 /* Sources */ = {
			isa = PBXSourcesBuildPhase;
			buildActionMask = 2147483647;
			files = (
				90A76BA62C5082A300AC2D6A /* LogoutResponse.swift in Sources */,
				9040AE782C32F60900D550AD /* RegisterView.swift in Sources */,
				90A76BB02C517FC300AC2D6A /* KeyboardDismissView.swift in Sources */,
				90FFDB082C4C26D500FFE3FE /* ChatView.swift in Sources */,
				904A89C82C47EE49005F2DC8 /* SignOffView.swift in Sources */,
				90A76BAA2C512D2D00AC2D6A /* MessageView.swift in Sources */,
				A93922DE2C51ADE600533969 /* NewChat.swift in Sources */,
				A93922E62C51AFD300533969 /* NewChatViewModel.swift in Sources */,
				902B855E2C4EB5820095E972 /* Message.swift in Sources */,
				902B85662C4EC5D30095E972 /* MessageListResponse.swift in Sources */,
				904A89BE2C46D114005F2DC8 /* ProfileSettingsViewModel.swift in Sources */,
				904A89C62C47DEC9005F2DC8 /* ImagePicker.swift in Sources */,
				904A89C22C47D719005F2DC8 /* ChangeProfileViewModel.swift in Sources */,
				904A89BA2C4695C9005F2DC8 /* ProfileViewModel.swift in Sources */,
				A93922E22C51AE0E00533969 /* Chat.swift in Sources */,
				90FFDB042C4C26BC00FFE3FE /* ChatHeaderView.swift in Sources */,
				90A76BA82C512CCB00AC2D6A /* MessagesView.swift in Sources */,
				904A89C42C47DA3E005F2DC8 /* ChangeProfileView.swift in Sources */,
				A93922E42C51AEA000533969 /* NewChatView.swift in Sources */,
				A94EC2802C48333E00E85D63 /* AuthInterceptor.swift in Sources */,
				90A76BAC2C512D8300AC2D6A /* Utils.swift in Sources */,
				A94EC23E2C46CAE500E85D63 /* HomeViewModel.swift in Sources */,
				A95B842B2C38275200F12190 /* LaunchScreen.swift in Sources */,
				9003E10F2C3EB142006CD269 /* LoginUserResponse.swift in Sources */,
				90294B472C34AD150030E04C /* CustomButton.swift in Sources */,
				904A89CA2C483AA0005F2DC8 /* SignOffViewModel.swift in Sources */,
				90FFDB062C4C26CB00FFE3FE /* ChatInputView.swift in Sources */,
				9040AEAD2C346E2000D550AD /* RegisterViewModel.swift in Sources */,
				A95B842E2C3828A600F12190 /* HomeView.swift in Sources */,
				A9A449962C3C44750085838B /* CustomListChat.swift in Sources */,
				9040AEA82C34606100D550AD /* UserService.swift in Sources */,
				90E79ED02C2B39C400133583 /* FinalProjectSwiftApp.swift in Sources */,
				9040AEA62C345FB400D550AD /* User.swift in Sources */,
				904A89BC2C46CD2C005F2DC8 /* ProfileView.swift in Sources */,
				9003E10D2C3EAAC7006CD269 /* CustomObjects.swift in Sources */,
				A9D9E5E52C330F2E0039843A /* LoginView.swift in Sources */,
				A94EC2822C48374C00E85D63 /* ChatList.swift in Sources */,
				90294B492C36D60C0030E04C /* LoginViewModel.swift in Sources */,
				A93922E82C51C03200533969 /* ChatHeaderViewModel.swift in Sources */,
				9040AE7A2C32F6A200D550AD /* CustomTexFields.swift in Sources */,
				A93922E02C51ADF700533969 /* NewChatResponse.swift in Sources */,
				904A89B82C4692F9005F2DC8 /* ProfileSettingsView.swift in Sources */,
				90294B4D2C36EA620030E04C /* SessionManager.swift in Sources */,
				90FFDB0C2C4C272600FFE3FE /* KeyboardResponder.swift in Sources */,
				90FFDB0A2C4C26F100FFE3FE /* ChatViewModel.swift in Sources */,
				902B85642C4EC5B30095E972 /* SendMessageResponse.swift in Sources */,
				90A76BAE2C512DAD00AC2D6A /* ScrollViewOffsetPreferenceKey.swift in Sources */,
				902B85682C4ED74D0095E972 /* SendMessageRequest.swift in Sources */,
				90F68BE82C3DB8E700793B4B /* UserResponse.swift in Sources */,
			);
			runOnlyForDeploymentPostprocessing = 0;
		};
/* End PBXSourcesBuildPhase section */

/* Begin XCBuildConfiguration section */
		90E79ED82C2B39C600133583 /* Debug */ = {
			isa = XCBuildConfiguration;
			buildSettings = {
				ALWAYS_SEARCH_USER_PATHS = NO;
				CLANG_ANALYZER_NONNULL = YES;
				CLANG_ANALYZER_NUMBER_OBJECT_CONVERSION = YES_AGGRESSIVE;
				CLANG_CXX_LANGUAGE_STANDARD = "gnu++20";
				CLANG_ENABLE_MODULES = YES;
				CLANG_ENABLE_OBJC_ARC = YES;
				CLANG_ENABLE_OBJC_WEAK = YES;
				CLANG_WARN_BLOCK_CAPTURE_AUTORELEASING = YES;
				CLANG_WARN_BOOL_CONVERSION = YES;
				CLANG_WARN_COMMA = YES;
				CLANG_WARN_CONSTANT_CONVERSION = YES;
				CLANG_WARN_DEPRECATED_OBJC_IMPLEMENTATIONS = YES;
				CLANG_WARN_DIRECT_OBJC_ISA_USAGE = YES_ERROR;
				CLANG_WARN_DOCUMENTATION_COMMENTS = YES;
				CLANG_WARN_EMPTY_BODY = YES;
				CLANG_WARN_ENUM_CONVERSION = YES;
				CLANG_WARN_INFINITE_RECURSION = YES;
				CLANG_WARN_INT_CONVERSION = YES;
				CLANG_WARN_NON_LITERAL_NULL_CONVERSION = YES;
				CLANG_WARN_OBJC_IMPLICIT_RETAIN_SELF = YES;
				CLANG_WARN_OBJC_LITERAL_CONVERSION = YES;
				CLANG_WARN_OBJC_ROOT_CLASS = YES_ERROR;
				CLANG_WARN_QUOTED_INCLUDE_IN_FRAMEWORK_HEADER = YES;
				CLANG_WARN_RANGE_LOOP_ANALYSIS = YES;
				CLANG_WARN_STRICT_PROTOTYPES = YES;
				CLANG_WARN_SUSPICIOUS_MOVE = YES;
				CLANG_WARN_UNGUARDED_AVAILABILITY = YES_AGGRESSIVE;
				CLANG_WARN_UNREACHABLE_CODE = YES;
				CLANG_WARN__DUPLICATE_METHOD_MATCH = YES;
				COPY_PHASE_STRIP = NO;
				DEBUG_INFORMATION_FORMAT = dwarf;
				ENABLE_STRICT_OBJC_MSGSEND = YES;
				ENABLE_TESTABILITY = YES;
				GCC_C_LANGUAGE_STANDARD = gnu11;
				GCC_DYNAMIC_NO_PIC = NO;
				GCC_NO_COMMON_BLOCKS = YES;
				GCC_OPTIMIZATION_LEVEL = 0;
				GCC_PREPROCESSOR_DEFINITIONS = (
					"DEBUG=1",
					"$(inherited)",
				);
				GCC_WARN_64_TO_32_BIT_CONVERSION = YES;
				GCC_WARN_ABOUT_RETURN_TYPE = YES_ERROR;
				GCC_WARN_UNDECLARED_SELECTOR = YES;
				GCC_WARN_UNINITIALIZED_AUTOS = YES_AGGRESSIVE;
				GCC_WARN_UNUSED_FUNCTION = YES;
				GCC_WARN_UNUSED_VARIABLE = YES;
				IPHONEOS_DEPLOYMENT_TARGET = 16.4;
				MTL_ENABLE_DEBUG_INFO = INCLUDE_SOURCE;
				MTL_FAST_MATH = YES;
				ONLY_ACTIVE_ARCH = YES;
				SDKROOT = iphoneos;
				SWIFT_ACTIVE_COMPILATION_CONDITIONS = DEBUG;
				SWIFT_OPTIMIZATION_LEVEL = "-Onone";
			};
			name = Debug;
		};
		90E79ED92C2B39C600133583 /* Release */ = {
			isa = XCBuildConfiguration;
			buildSettings = {
				ALWAYS_SEARCH_USER_PATHS = NO;
				CLANG_ANALYZER_NONNULL = YES;
				CLANG_ANALYZER_NUMBER_OBJECT_CONVERSION = YES_AGGRESSIVE;
				CLANG_CXX_LANGUAGE_STANDARD = "gnu++20";
				CLANG_ENABLE_MODULES = YES;
				CLANG_ENABLE_OBJC_ARC = YES;
				CLANG_ENABLE_OBJC_WEAK = YES;
				CLANG_WARN_BLOCK_CAPTURE_AUTORELEASING = YES;
				CLANG_WARN_BOOL_CONVERSION = YES;
				CLANG_WARN_COMMA = YES;
				CLANG_WARN_CONSTANT_CONVERSION = YES;
				CLANG_WARN_DEPRECATED_OBJC_IMPLEMENTATIONS = YES;
				CLANG_WARN_DIRECT_OBJC_ISA_USAGE = YES_ERROR;
				CLANG_WARN_DOCUMENTATION_COMMENTS = YES;
				CLANG_WARN_EMPTY_BODY = YES;
				CLANG_WARN_ENUM_CONVERSION = YES;
				CLANG_WARN_INFINITE_RECURSION = YES;
				CLANG_WARN_INT_CONVERSION = YES;
				CLANG_WARN_NON_LITERAL_NULL_CONVERSION = YES;
				CLANG_WARN_OBJC_IMPLICIT_RETAIN_SELF = YES;
				CLANG_WARN_OBJC_LITERAL_CONVERSION = YES;
				CLANG_WARN_OBJC_ROOT_CLASS = YES_ERROR;
				CLANG_WARN_QUOTED_INCLUDE_IN_FRAMEWORK_HEADER = YES;
				CLANG_WARN_RANGE_LOOP_ANALYSIS = YES;
				CLANG_WARN_STRICT_PROTOTYPES = YES;
				CLANG_WARN_SUSPICIOUS_MOVE = YES;
				CLANG_WARN_UNGUARDED_AVAILABILITY = YES_AGGRESSIVE;
				CLANG_WARN_UNREACHABLE_CODE = YES;
				CLANG_WARN__DUPLICATE_METHOD_MATCH = YES;
				COPY_PHASE_STRIP = NO;
				DEBUG_INFORMATION_FORMAT = "dwarf-with-dsym";
				ENABLE_NS_ASSERTIONS = NO;
				ENABLE_STRICT_OBJC_MSGSEND = YES;
				GCC_C_LANGUAGE_STANDARD = gnu11;
				GCC_NO_COMMON_BLOCKS = YES;
				GCC_WARN_64_TO_32_BIT_CONVERSION = YES;
				GCC_WARN_ABOUT_RETURN_TYPE = YES_ERROR;
				GCC_WARN_UNDECLARED_SELECTOR = YES;
				GCC_WARN_UNINITIALIZED_AUTOS = YES_AGGRESSIVE;
				GCC_WARN_UNUSED_FUNCTION = YES;
				GCC_WARN_UNUSED_VARIABLE = YES;
				IPHONEOS_DEPLOYMENT_TARGET = 16.4;
				MTL_ENABLE_DEBUG_INFO = NO;
				MTL_FAST_MATH = YES;
				SDKROOT = iphoneos;
				SWIFT_COMPILATION_MODE = wholemodule;
				SWIFT_OPTIMIZATION_LEVEL = "-O";
				VALIDATE_PRODUCT = YES;
			};
			name = Release;
		};
		90E79EDB2C2B39C600133583 /* Debug */ = {
			isa = XCBuildConfiguration;
			buildSettings = {
				ASSETCATALOG_COMPILER_APPICON_NAME = AppIcon;
				ASSETCATALOG_COMPILER_GLOBAL_ACCENT_COLOR_NAME = AccentColor;
				CODE_SIGN_STYLE = Automatic;
				CURRENT_PROJECT_VERSION = 1;
				DEVELOPMENT_ASSET_PATHS = "\"FinalProjectSwift/Preview Content\"";
				DEVELOPMENT_TEAM = H8ZVN55RGH;
				ENABLE_PREVIEWS = YES;
				GENERATE_INFOPLIST_FILE = YES;
				INFOPLIST_KEY_CFBundleDisplayName = "";
				INFOPLIST_KEY_LSApplicationCategoryType = "";
				INFOPLIST_KEY_NSFaceIDUsageDescription = "Utilizamos Face ID para autenticar tu identidad de manera segura";
				INFOPLIST_KEY_NSFileProviderDomainUsageDescription = "Para ofrecerte una experiencia segura, utilizamos la autenticación biométrica para autenticar tu identidad";
				INFOPLIST_KEY_UIApplicationSceneManifest_Generation = YES;
				INFOPLIST_KEY_UIApplicationSupportsIndirectInputEvents = YES;
				INFOPLIST_KEY_UILaunchScreen_Generation = YES;
				INFOPLIST_KEY_UILaunchStoryboardName = "Launch Screen.storyboard";
				INFOPLIST_KEY_UISupportedInterfaceOrientations_iPad = "UIInterfaceOrientationPortrait UIInterfaceOrientationPortraitUpsideDown UIInterfaceOrientationLandscapeLeft UIInterfaceOrientationLandscapeRight";
				INFOPLIST_KEY_UISupportedInterfaceOrientations_iPhone = "UIInterfaceOrientationPortrait UIInterfaceOrientationLandscapeLeft UIInterfaceOrientationLandscapeRight";
				LD_RUNPATH_SEARCH_PATHS = (
					"$(inherited)",
					"@executable_path/Frameworks",
				);
				MARKETING_VERSION = 1.0;
				PRODUCT_BUNDLE_IDENTIFIER = j.FinalProjectSwift;
				PRODUCT_NAME = "$(TARGET_NAME)";
				SWIFT_EMIT_LOC_STRINGS = YES;
				SWIFT_VERSION = 5.0;
				TARGETED_DEVICE_FAMILY = "1,2";
			};
			name = Debug;
		};
		90E79EDC2C2B39C600133583 /* Release */ = {
			isa = XCBuildConfiguration;
			buildSettings = {
				ASSETCATALOG_COMPILER_APPICON_NAME = AppIcon;
				ASSETCATALOG_COMPILER_GLOBAL_ACCENT_COLOR_NAME = AccentColor;
				CODE_SIGN_STYLE = Automatic;
				CURRENT_PROJECT_VERSION = 1;
				DEVELOPMENT_ASSET_PATHS = "\"FinalProjectSwift/Preview Content\"";
				DEVELOPMENT_TEAM = H8ZVN55RGH;
				ENABLE_PREVIEWS = YES;
				GENERATE_INFOPLIST_FILE = YES;
				INFOPLIST_KEY_CFBundleDisplayName = "";
				INFOPLIST_KEY_LSApplicationCategoryType = "";
				INFOPLIST_KEY_NSFaceIDUsageDescription = "Utilizamos Face ID para autenticar tu identidad de manera segura";
				INFOPLIST_KEY_NSFileProviderDomainUsageDescription = "Para ofrecerte una experiencia segura, utilizamos la autenticación biométrica para autenticar tu identidad";
				INFOPLIST_KEY_UIApplicationSceneManifest_Generation = YES;
				INFOPLIST_KEY_UIApplicationSupportsIndirectInputEvents = YES;
				INFOPLIST_KEY_UILaunchScreen_Generation = YES;
				INFOPLIST_KEY_UILaunchStoryboardName = "Launch Screen.storyboard";
				INFOPLIST_KEY_UISupportedInterfaceOrientations_iPad = "UIInterfaceOrientationPortrait UIInterfaceOrientationPortraitUpsideDown UIInterfaceOrientationLandscapeLeft UIInterfaceOrientationLandscapeRight";
				INFOPLIST_KEY_UISupportedInterfaceOrientations_iPhone = "UIInterfaceOrientationPortrait UIInterfaceOrientationLandscapeLeft UIInterfaceOrientationLandscapeRight";
				LD_RUNPATH_SEARCH_PATHS = (
					"$(inherited)",
					"@executable_path/Frameworks",
				);
				MARKETING_VERSION = 1.0;
				PRODUCT_BUNDLE_IDENTIFIER = j.FinalProjectSwift;
				PRODUCT_NAME = "$(TARGET_NAME)";
				SWIFT_EMIT_LOC_STRINGS = YES;
				SWIFT_VERSION = 5.0;
				TARGETED_DEVICE_FAMILY = "1,2";
			};
			name = Release;
		};
/* End XCBuildConfiguration section */

/* Begin XCConfigurationList section */
		90E79EC72C2B39C400133583 /* Build configuration list for PBXProject "FinalProjectSwift" */ = {
			isa = XCConfigurationList;
			buildConfigurations = (
				90E79ED82C2B39C600133583 /* Debug */,
				90E79ED92C2B39C600133583 /* Release */,
			);
			defaultConfigurationIsVisible = 0;
			defaultConfigurationName = Release;
		};
		90E79EDA2C2B39C600133583 /* Build configuration list for PBXNativeTarget "FinalProjectSwift" */ = {
			isa = XCConfigurationList;
			buildConfigurations = (
				90E79EDB2C2B39C600133583 /* Debug */,
				90E79EDC2C2B39C600133583 /* Release */,
			);
			defaultConfigurationIsVisible = 0;
			defaultConfigurationName = Release;
		};
/* End XCConfigurationList section */

/* Begin XCRemoteSwiftPackageReference section */
		9040AEA92C34608200D550AD /* XCRemoteSwiftPackageReference "Alamofire" */ = {
			isa = XCRemoteSwiftPackageReference;
			repositoryURL = "https://github.com/Alamofire/Alamofire.git";
			requirement = {
				kind = upToNextMajorVersion;
				minimumVersion = 5.0.0;
			};
		};
		A95B84272C38270D00F12190 /* XCRemoteSwiftPackageReference "dotlottie-ios" */ = {
			isa = XCRemoteSwiftPackageReference;
			repositoryURL = "https://github.com/LottieFiles/dotlottie-ios";
			requirement = {
				branch = main;
				kind = branch;
			};
		};
/* End XCRemoteSwiftPackageReference section */

/* Begin XCSwiftPackageProductDependency section */
		A9A4498F2C3C34620085838B /* DotLottie */ = {
			isa = XCSwiftPackageProductDependency;
			package = A95B84272C38270D00F12190 /* XCRemoteSwiftPackageReference "dotlottie-ios" */;
			productName = DotLottie;
		};
		A9A449912C3C35A60085838B /* Alamofire */ = {
			isa = XCSwiftPackageProductDependency;
			package = 9040AEA92C34608200D550AD /* XCRemoteSwiftPackageReference "Alamofire" */;
			productName = Alamofire;
		};
/* End XCSwiftPackageProductDependency section */
	};
	rootObject = 90E79EC42C2B39C400133583 /* Project object */;
}
