// !$*UTF8*$!
{
	archiveVersion = 1;
	classes = {
	};
	objectVersion = 56;
	objects = {

/* Begin PBXBuildFile section */
		9040AE782C32F60900D550AD /* RegisterView.swift in Sources */ = {isa = PBXBuildFile; fileRef = 9040AE772C32F60900D550AD /* RegisterView.swift */; };
		9040AE7A2C32F6A200D550AD /* CustomTexFields.swift in Sources */ = {isa = PBXBuildFile; fileRef = 9040AE792C32F6A200D550AD /* CustomTexFields.swift */; };
		90E79ED02C2B39C400133583 /* FinalProjectSwiftApp.swift in Sources */ = {isa = PBXBuildFile; fileRef = 90E79ECF2C2B39C400133583 /* FinalProjectSwiftApp.swift */; };
		90E79ED22C2B39C400133583 /* ContentView.swift in Sources */ = {isa = PBXBuildFile; fileRef = 90E79ED12C2B39C400133583 /* ContentView.swift */; };
		90E79ED42C2B39C600133583 /* Assets.xcassets in Resources */ = {isa = PBXBuildFile; fileRef = 90E79ED32C2B39C600133583 /* Assets.xcassets */; };
		90E79ED72C2B39C600133583 /* Preview Assets.xcassets in Resources */ = {isa = PBXBuildFile; fileRef = 90E79ED62C2B39C600133583 /* Preview Assets.xcassets */; };
		A9D9E5E52C330F2E0039843A /* LoginView.swift in Sources */ = {isa = PBXBuildFile; fileRef = A9D9E5E42C330F2E0039843A /* LoginView.swift */; };
/* End PBXBuildFile section */

/* Begin PBXFileReference section */
		9040AE772C32F60900D550AD /* RegisterView.swift */ = {isa = PBXFileReference; lastKnownFileType = sourcecode.swift; path = RegisterView.swift; sourceTree = "<group>"; };
		9040AE792C32F6A200D550AD /* CustomTexFields.swift */ = {isa = PBXFileReference; lastKnownFileType = sourcecode.swift; path = CustomTexFields.swift; sourceTree = "<group>"; };
		90E79ECC2C2B39C400133583 /* FinalProjectSwift.app */ = {isa = PBXFileReference; explicitFileType = wrapper.application; includeInIndex = 0; path = FinalProjectSwift.app; sourceTree = BUILT_PRODUCTS_DIR; };
		90E79ECF2C2B39C400133583 /* FinalProjectSwiftApp.swift */ = {isa = PBXFileReference; lastKnownFileType = sourcecode.swift; path = FinalProjectSwiftApp.swift; sourceTree = "<group>"; };
		90E79ED12C2B39C400133583 /* ContentView.swift */ = {isa = PBXFileReference; lastKnownFileType = sourcecode.swift; path = ContentView.swift; sourceTree = "<group>"; };
		90E79ED32C2B39C600133583 /* Assets.xcassets */ = {isa = PBXFileReference; lastKnownFileType = folder.assetcatalog; path = Assets.xcassets; sourceTree = "<group>"; };
		90E79ED62C2B39C600133583 /* Preview Assets.xcassets */ = {isa = PBXFileReference; lastKnownFileType = folder.assetcatalog; path = "Preview Assets.xcassets"; sourceTree = "<group>"; };
		A9D9E5E42C330F2E0039843A /* LoginView.swift */ = {isa = PBXFileReference; lastKnownFileType = sourcecode.swift; path = LoginView.swift; sourceTree = "<group>"; };
/* End PBXFileReference section */

/* Begin PBXFrameworksBuildPhase section */
		90E79EC92C2B39C400133583 /* Frameworks */ = {
			isa = PBXFrameworksBuildPhase;
			buildActionMask = 2147483647;
			files = (
			);
			runOnlyForDeploymentPostprocessing = 0;
		};
/* End PBXFrameworksBuildPhase section */

/* Begin PBXGroup section */
		9040AE722C32F5A100D550AD /* Views */ = {
			isa = PBXGroup;
			children = (
				90E79ED12C2B39C400133583 /* ContentView.swift */,
				9040AE772C32F60900D550AD /* RegisterView.swift */,
				A9D9E5E42C330F2E0039843A /* LoginView.swift */,
			);
			path = Views;
			sourceTree = "<group>";
		};
		9040AE732C32F5AF00D550AD /* ViewModels */ = {
			isa = PBXGroup;
			children = (
			);
			path = ViewModels;
			sourceTree = "<group>";
		};
		9040AE742C32F5B900D550AD /* Data */ = {
			isa = PBXGroup;
			children = (
			);
			path = Data;
			sourceTree = "<group>";
		};
		9040AE752C32F5C000D550AD /* Common */ = {
			isa = PBXGroup;
			children = (
				9040AE792C32F6A200D550AD /* CustomTexFields.swift */,
			);
			path = Common;
			sourceTree = "<group>";
		};
		9040AE762C32F5D100D550AD /* Resources */ = {
			isa = PBXGroup;
			children = (
				90E79ECF2C2B39C400133583 /* FinalProjectSwiftApp.swift */,
				90E79ED32C2B39C600133583 /* Assets.xcassets */,
			);
			path = Resources;
			sourceTree = "<group>";
		};
		90E79EC32C2B39C400133583 = {
			isa = PBXGroup;
			children = (
				90E79ECE2C2B39C400133583 /* FinalProjectSwift */,
				90E79ECD2C2B39C400133583 /* Products */,
			);
			sourceTree = "<group>";
		};
		90E79ECD2C2B39C400133583 /* Products */ = {
			isa = PBXGroup;
			children = (
				90E79ECC2C2B39C400133583 /* FinalProjectSwift.app */,
			);
			name = Products;
			sourceTree = "<group>";
		};
		90E79ECE2C2B39C400133583 /* FinalProjectSwift */ = {
			isa = PBXGroup;
			children = (
				9040AE752C32F5C000D550AD /* Common */,
				9040AE742C32F5B900D550AD /* Data */,
				9040AE732C32F5AF00D550AD /* ViewModels */,
				9040AE722C32F5A100D550AD /* Views */,
				9040AE762C32F5D100D550AD /* Resources */,
				90E79ED52C2B39C600133583 /* Preview Content */,
			);
			path = FinalProjectSwift;
			sourceTree = "<group>";
		};
		90E79ED52C2B39C600133583 /* Preview Content */ = {
			isa = PBXGroup;
			children = (
				90E79ED62C2B39C600133583 /* Preview Assets.xcassets */,
			);
			path = "Preview Content";
			sourceTree = "<group>";
		};
/* End PBXGroup section */

/* Begin PBXNativeTarget section */
		90E79ECB2C2B39C400133583 /* FinalProjectSwift */ = {
			isa = PBXNativeTarget;
			buildConfigurationList = 90E79EDA2C2B39C600133583 /* Build configuration list for PBXNativeTarget "FinalProjectSwift" */;
			buildPhases = (
				90E79EC82C2B39C400133583 /* Sources */,
				90E79EC92C2B39C400133583 /* Frameworks */,
				90E79ECA2C2B39C400133583 /* Resources */,
			);
			buildRules = (
			);
			dependencies = (
			);
			name = FinalProjectSwift;
			productName = FinalProjectSwift;
			productReference = 90E79ECC2C2B39C400133583 /* FinalProjectSwift.app */;
			productType = "com.apple.product-type.application";
		};
/* End PBXNativeTarget section */

/* Begin PBXProject section */
		90E79EC42C2B39C400133583 /* Project object */ = {
			isa = PBXProject;
			attributes = {
				BuildIndependentTargetsInParallel = 1;
				LastSwiftUpdateCheck = 1430;
				LastUpgradeCheck = 1430;
				TargetAttributes = {
					90E79ECB2C2B39C400133583 = {
						CreatedOnToolsVersion = 14.3.1;
					};
				};
			};
			buildConfigurationList = 90E79EC72C2B39C400133583 /* Build configuration list for PBXProject "FinalProjectSwift" */;
			compatibilityVersion = "Xcode 14.0";
			developmentRegion = en;
			hasScannedForEncodings = 0;
			knownRegions = (
				en,
				Base,
			);
			mainGroup = 90E79EC32C2B39C400133583;
			productRefGroup = 90E79ECD2C2B39C400133583 /* Products */;
			projectDirPath = "";
			projectRoot = "";
			targets = (
				90E79ECB2C2B39C400133583 /* FinalProjectSwift */,
			);
		};
/* End PBXProject section */

/* Begin PBXResourcesBuildPhase section */
		90E79ECA2C2B39C400133583 /* Resources */ = {
			isa = PBXResourcesBuildPhase;
			buildActionMask = 2147483647;
			files = (
				90E79ED72C2B39C600133583 /* Preview Assets.xcassets in Resources */,
				90E79ED42C2B39C600133583 /* Assets.xcassets in Resources */,
			);
			runOnlyForDeploymentPostprocessing = 0;
		};
/* End PBXResourcesBuildPhase section */

/* Begin PBXSourcesBuildPhase section */
		90E79EC82C2B39C400133583 /* Sources */ = {
			isa = PBXSourcesBuildPhase;
			buildActionMask = 2147483647;
			files = (
				9040AE782C32F60900D550AD /* RegisterView.swift in Sources */,
				90E79ED22C2B39C400133583 /* ContentView.swift in Sources */,
				90E79ED02C2B39C400133583 /* FinalProjectSwiftApp.swift in Sources */,
				A9D9E5E52C330F2E0039843A /* LoginView.swift in Sources */,
				9040AE7A2C32F6A200D550AD /* CustomTexFields.swift in Sources */,
			);
			runOnlyForDeploymentPostprocessing = 0;
		};
/* End PBXSourcesBuildPhase section */

/* Begin XCBuildConfiguration section */
		90E79ED82C2B39C600133583 /* Debug */ = {
			isa = XCBuildConfiguration;
			buildSettings = {
				ALWAYS_SEARCH_USER_PATHS = NO;
				CLANG_ANALYZER_NONNULL = YES;
				CLANG_ANALYZER_NUMBER_OBJECT_CONVERSION = YES_AGGRESSIVE;
				CLANG_CXX_LANGUAGE_STANDARD = "gnu++20";
				CLANG_ENABLE_MODULES = YES;
				CLANG_ENABLE_OBJC_ARC = YES;
				CLANG_ENABLE_OBJC_WEAK = YES;
				CLANG_WARN_BLOCK_CAPTURE_AUTORELEASING = YES;
				CLANG_WARN_BOOL_CONVERSION = YES;
				CLANG_WARN_COMMA = YES;
				CLANG_WARN_CONSTANT_CONVERSION = YES;
				CLANG_WARN_DEPRECATED_OBJC_IMPLEMENTATIONS = YES;
				CLANG_WARN_DIRECT_OBJC_ISA_USAGE = YES_ERROR;
				CLANG_WARN_DOCUMENTATION_COMMENTS = YES;
				CLANG_WARN_EMPTY_BODY = YES;
				CLANG_WARN_ENUM_CONVERSION = YES;
				CLANG_WARN_INFINITE_RECURSION = YES;
				CLANG_WARN_INT_CONVERSION = YES;
				CLANG_WARN_NON_LITERAL_NULL_CONVERSION = YES;
				CLANG_WARN_OBJC_IMPLICIT_RETAIN_SELF = YES;
				CLANG_WARN_OBJC_LITERAL_CONVERSION = YES;
				CLANG_WARN_OBJC_ROOT_CLASS = YES_ERROR;
				CLANG_WARN_QUOTED_INCLUDE_IN_FRAMEWORK_HEADER = YES;
				CLANG_WARN_RANGE_LOOP_ANALYSIS = YES;
				CLANG_WARN_STRICT_PROTOTYPES = YES;
				CLANG_WARN_SUSPICIOUS_MOVE = YES;
				CLANG_WARN_UNGUARDED_AVAILABILITY = YES_AGGRESSIVE;
				CLANG_WARN_UNREACHABLE_CODE = YES;
				CLANG_WARN__DUPLICATE_METHOD_MATCH = YES;
				COPY_PHASE_STRIP = NO;
				DEBUG_INFORMATION_FORMAT = dwarf;
				ENABLE_STRICT_OBJC_MSGSEND = YES;
				ENABLE_TESTABILITY = YES;
				GCC_C_LANGUAGE_STANDARD = gnu11;
				GCC_DYNAMIC_NO_PIC = NO;
				GCC_NO_COMMON_BLOCKS = YES;
				GCC_OPTIMIZATION_LEVEL = 0;
				GCC_PREPROCESSOR_DEFINITIONS = (
					"DEBUG=1",
					"$(inherited)",
				);
				GCC_WARN_64_TO_32_BIT_CONVERSION = YES;
				GCC_WARN_ABOUT_RETURN_TYPE = YES_ERROR;
				GCC_WARN_UNDECLARED_SELECTOR = YES;
				GCC_WARN_UNINITIALIZED_AUTOS = YES_AGGRESSIVE;
				GCC_WARN_UNUSED_FUNCTION = YES;
				GCC_WARN_UNUSED_VARIABLE = YES;
				IPHONEOS_DEPLOYMENT_TARGET = 16.4;
				MTL_ENABLE_DEBUG_INFO = INCLUDE_SOURCE;
				MTL_FAST_MATH = YES;
				ONLY_ACTIVE_ARCH = YES;
				SDKROOT = iphoneos;
				SWIFT_ACTIVE_COMPILATION_CONDITIONS = DEBUG;
				SWIFT_OPTIMIZATION_LEVEL = "-Onone";
			};
			name = Debug;
		};
		90E79ED92C2B39C600133583 /* Release */ = {
			isa = XCBuildConfiguration;
			buildSettings = {
				ALWAYS_SEARCH_USER_PATHS = NO;
				CLANG_ANALYZER_NONNULL = YES;
				CLANG_ANALYZER_NUMBER_OBJECT_CONVERSION = YES_AGGRESSIVE;
				CLANG_CXX_LANGUAGE_STANDARD = "gnu++20";
				CLANG_ENABLE_MODULES = YES;
				CLANG_ENABLE_OBJC_ARC = YES;
				CLANG_ENABLE_OBJC_WEAK = YES;
				CLANG_WARN_BLOCK_CAPTURE_AUTORELEASING = YES;
				CLANG_WARN_BOOL_CONVERSION = YES;
				CLANG_WARN_COMMA = YES;
				CLANG_WARN_CONSTANT_CONVERSION = YES;
				CLANG_WARN_DEPRECATED_OBJC_IMPLEMENTATIONS = YES;
				CLANG_WARN_DIRECT_OBJC_ISA_USAGE = YES_ERROR;
				CLANG_WARN_DOCUMENTATION_COMMENTS = YES;
				CLANG_WARN_EMPTY_BODY = YES;
				CLANG_WARN_ENUM_CONVERSION = YES;
				CLANG_WARN_INFINITE_RECURSION = YES;
				CLANG_WARN_INT_CONVERSION = YES;
				CLANG_WARN_NON_LITERAL_NULL_CONVERSION = YES;
				CLANG_WARN_OBJC_IMPLICIT_RETAIN_SELF = YES;
				CLANG_WARN_OBJC_LITERAL_CONVERSION = YES;
				CLANG_WARN_OBJC_ROOT_CLASS = YES_ERROR;
				CLANG_WARN_QUOTED_INCLUDE_IN_FRAMEWORK_HEADER = YES;
				CLANG_WARN_RANGE_LOOP_ANALYSIS = YES;
				CLANG_WARN_STRICT_PROTOTYPES = YES;
				CLANG_WARN_SUSPICIOUS_MOVE = YES;
				CLANG_WARN_UNGUARDED_AVAILABILITY = YES_AGGRESSIVE;
				CLANG_WARN_UNREACHABLE_CODE = YES;
				CLANG_WARN__DUPLICATE_METHOD_MATCH = YES;
				COPY_PHASE_STRIP = NO;
				DEBUG_INFORMATION_FORMAT = "dwarf-with-dsym";
				ENABLE_NS_ASSERTIONS = NO;
				ENABLE_STRICT_OBJC_MSGSEND = YES;
				GCC_C_LANGUAGE_STANDARD = gnu11;
				GCC_NO_COMMON_BLOCKS = YES;
				GCC_WARN_64_TO_32_BIT_CONVERSION = YES;
				GCC_WARN_ABOUT_RETURN_TYPE = YES_ERROR;
				GCC_WARN_UNDECLARED_SELECTOR = YES;
				GCC_WARN_UNINITIALIZED_AUTOS = YES_AGGRESSIVE;
				GCC_WARN_UNUSED_FUNCTION = YES;
				GCC_WARN_UNUSED_VARIABLE = YES;
				IPHONEOS_DEPLOYMENT_TARGET = 16.4;
				MTL_ENABLE_DEBUG_INFO = NO;
				MTL_FAST_MATH = YES;
				SDKROOT = iphoneos;
				SWIFT_COMPILATION_MODE = wholemodule;
				SWIFT_OPTIMIZATION_LEVEL = "-O";
				VALIDATE_PRODUCT = YES;
			};
			name = Release;
		};
		90E79EDB2C2B39C600133583 /* Debug */ = {
			isa = XCBuildConfiguration;
			buildSettings = {
				ASSETCATALOG_COMPILER_APPICON_NAME = AppIcon;
				ASSETCATALOG_COMPILER_GLOBAL_ACCENT_COLOR_NAME = AccentColor;
				CODE_SIGN_STYLE = Automatic;
				CURRENT_PROJECT_VERSION = 1;
				DEVELOPMENT_ASSET_PATHS = "\"FinalProjectSwift/Preview Content\"";
				DEVELOPMENT_TEAM = H8ZVN55RGH;
				ENABLE_PREVIEWS = YES;
				GENERATE_INFOPLIST_FILE = YES;
				INFOPLIST_KEY_UIApplicationSceneManifest_Generation = YES;
				INFOPLIST_KEY_UIApplicationSupportsIndirectInputEvents = YES;
				INFOPLIST_KEY_UILaunchScreen_Generation = YES;
				INFOPLIST_KEY_UISupportedInterfaceOrientations_iPad = "UIInterfaceOrientationPortrait UIInterfaceOrientationPortraitUpsideDown UIInterfaceOrientationLandscapeLeft UIInterfaceOrientationLandscapeRight";
				INFOPLIST_KEY_UISupportedInterfaceOrientations_iPhone = "UIInterfaceOrientationPortrait UIInterfaceOrientationLandscapeLeft UIInterfaceOrientationLandscapeRight";
				LD_RUNPATH_SEARCH_PATHS = (
					"$(inherited)",
					"@executable_path/Frameworks",
				);
				MARKETING_VERSION = 1.0;
				PRODUCT_BUNDLE_IDENTIFIER = j.FinalProjectSwift;
				PRODUCT_NAME = "$(TARGET_NAME)";
				SWIFT_EMIT_LOC_STRINGS = YES;
				SWIFT_VERSION = 5.0;
				TARGETED_DEVICE_FAMILY = "1,2";
			};
			name = Debug;
		};
		90E79EDC2C2B39C600133583 /* Release */ = {
			isa = XCBuildConfiguration;
			buildSettings = {
				ASSETCATALOG_COMPILER_APPICON_NAME = AppIcon;
				ASSETCATALOG_COMPILER_GLOBAL_ACCENT_COLOR_NAME = AccentColor;
				CODE_SIGN_STYLE = Automatic;
				CURRENT_PROJECT_VERSION = 1;
				DEVELOPMENT_ASSET_PATHS = "\"FinalProjectSwift/Preview Content\"";
				DEVELOPMENT_TEAM = H8ZVN55RGH;
				ENABLE_PREVIEWS = YES;
				GENERATE_INFOPLIST_FILE = YES;
				INFOPLIST_KEY_UIApplicationSceneManifest_Generation = YES;
				INFOPLIST_KEY_UIApplicationSupportsIndirectInputEvents = YES;
				INFOPLIST_KEY_UILaunchScreen_Generation = YES;
				INFOPLIST_KEY_UISupportedInterfaceOrientations_iPad = "UIInterfaceOrientationPortrait UIInterfaceOrientationPortraitUpsideDown UIInterfaceOrientationLandscapeLeft UIInterfaceOrientationLandscapeRight";
				INFOPLIST_KEY_UISupportedInterfaceOrientations_iPhone = "UIInterfaceOrientationPortrait UIInterfaceOrientationLandscapeLeft UIInterfaceOrientationLandscapeRight";
				LD_RUNPATH_SEARCH_PATHS = (
					"$(inherited)",
					"@executable_path/Frameworks",
				);
				MARKETING_VERSION = 1.0;
				PRODUCT_BUNDLE_IDENTIFIER = j.FinalProjectSwift;
				PRODUCT_NAME = "$(TARGET_NAME)";
				SWIFT_EMIT_LOC_STRINGS = YES;
				SWIFT_VERSION = 5.0;
				TARGETED_DEVICE_FAMILY = "1,2";
			};
			name = Release;
		};
/* End XCBuildConfiguration section */

/* Begin XCConfigurationList section */
		90E79EC72C2B39C400133583 /* Build configuration list for PBXProject "FinalProjectSwift" */ = {
			isa = XCConfigurationList;
			buildConfigurations = (
				90E79ED82C2B39C600133583 /* Debug */,
				90E79ED92C2B39C600133583 /* Release */,
			);
			defaultConfigurationIsVisible = 0;
			defaultConfigurationName = Release;
		};
		90E79EDA2C2B39C600133583 /* Build configuration list for PBXNativeTarget "FinalProjectSwift" */ = {
			isa = XCConfigurationList;
			buildConfigurations = (
				90E79EDB2C2B39C600133583 /* Debug */,
				90E79EDC2C2B39C600133583 /* Release */,
			);
			defaultConfigurationIsVisible = 0;
			defaultConfigurationName = Release;
		};
/* End XCConfigurationList section */
	};
	rootObject = 90E79EC42C2B39C400133583 /* Project object */;
}
